<Solution>
  <!-- Fox Engine parser toolset (own repo). Fully standalone — no
       references outside this tree. -->
  <Project Path="MgsvModBldr.Tools.GameHashing/MgsvModBldr.Tools.GameHashing.csproj" />
  <Project Path="MgsvModBldr.Tools.PathResolve/MgsvModBldr.Tools.PathResolve.csproj" />
  <Project Path="MgsvModBldr.Tools.Fsop/MgsvModBldr.Tools.Fsop.csproj" />
  <Project Path="MgsvModBldr.Tools.Ftex/MgsvModBldr.Tools.Ftex.csproj" />
  <Project Path="MgsvModBldr.Tools.Fox/MgsvModBldr.Tools.Fox.csproj" />
  <Project Path="MgsvModBldr.Tools.Qar/MgsvModBldr.Tools.Qar.csproj" />
  <Project Path="MgsvModBldr.Tools.Fpk/MgsvModBldr.Tools.Fpk.csproj" />
  <Project Path="MgsvModBldr.Tools.Mgsv/MgsvModBldr.Tools.Mgsv.csproj" />
  <Project Path="MgsvModBldr.Tools.Pftxs/MgsvModBldr.Tools.Pftxs.csproj" />
  <Project Path="MgsvModBldr.Tools.Translation/MgsvModBldr.Tools.Translation.csproj" />
  <Project Path="MgsvModBldr.Tools.Twpf/MgsvModBldr.Tools.Twpf.csproj" />
  <Project Path="MgsvModBldr.Tools.Mtar/MgsvModBldr.Tools.Mtar.csproj" />
  <Project Path="MgsvModBldr.Tools.Spch/MgsvModBldr.Tools.Spch.csproj" />
  <Project Path="MgsvModBldr.Tools.Tcvp/MgsvModBldr.Tools.Tcvp.csproj" />
  <Project Path="MgsvModBldr.Tools.Rdf/MgsvModBldr.Tools.Rdf.csproj" />
  <Project Path="MgsvModBldr.Tools.Fv2/MgsvModBldr.Tools.Fv2.csproj" />
  <Project Path="MgsvModBldr.Tools.Hlsl/MgsvModBldr.Tools.Hlsl.csproj" />
  <Project Path="MgsvModBldr.Tools.Sbp/MgsvModBldr.Tools.Sbp.csproj" />
  <Project Path="MgsvModBldr.Tools.Stp/MgsvModBldr.Tools.Stp.csproj" />
  <Project Path="MgsvModBldr.Tools.G0s/MgsvModBldr.Tools.G0s.csproj" />
  <Project Path="MgsvModBldr.Tools.Browse/MgsvModBldr.Tools.Browse.csproj" />
  <Project Path="MgsvModBldr.Tools.Ui/MgsvModBldr.Tools.Ui.csproj" />
  <Project Path="MgsvModBldr.Tools.Cli/MgsvModBldr.Tools.Cli.csproj" />
  <Project Path="MgsvModBldr.Tools.App/MgsvModBldr.Tools.App.csproj" />
  <!-- Shared test harness + per-tool test suites. -->
  <Project Path="MgsvModBldr.Tools.Testing/MgsvModBldr.Tools.Testing.csproj" />
  <Project Path="MgsvModBldr.Tools.Fsop.Tests/MgsvModBldr.Tools.Fsop.Tests.csproj" />
  <Project Path="MgsvModBldr.Tools.Fox.Tests/MgsvModBldr.Tools.Fox.Tests.csproj" />
  <Project Path="MgsvModBldr.Tools.Ftex.Tests/MgsvModBldr.Tools.Ftex.Tests.csproj" />
  <Project Path="MgsvModBldr.Tools.Qar.Tests/MgsvModBldr.Tools.Qar.Tests.csproj" />
  <Project Path="MgsvModBldr.Tools.Fpk.Tests/MgsvModBldr.Tools.Fpk.Tests.csproj" />
  <Project Path="MgsvModBldr.Tools.Pftxs.Tests/MgsvModBldr.Tools.Pftxs.Tests.csproj" />
  <Project Path="MgsvModBldr.Tools.Translation.Tests/MgsvModBldr.Tools.Translation.Tests.csproj" />
  <Project Path="MgsvModBldr.Tools.Twpf.Tests/MgsvModBldr.Tools.Twpf.Tests.csproj" />
  <Project Path="MgsvModBldr.Tools.Mtar.Tests/MgsvModBldr.Tools.Mtar.Tests.csproj" />
  <Project Path="MgsvModBldr.Tools.Spch.Tests/MgsvModBldr.Tools.Spch.Tests.csproj" />
  <Project Path="MgsvModBldr.Tools.Tcvp.Tests/MgsvModBldr.Tools.Tcvp.Tests.csproj" />
  <Project Path="MgsvModBldr.Tools.Rdf.Tests/MgsvModBldr.Tools.Rdf.Tests.csproj" />
  <Project Path="MgsvModBldr.Tools.Fv2.Tests/MgsvModBldr.Tools.Fv2.Tests.csproj" />
  <Project Path="MgsvModBldr.Tools.Hlsl.Tests/MgsvModBldr.Tools.Hlsl.Tests.csproj" />
  <Project Path="MgsvModBldr.Tools.Sbp.Tests/MgsvModBldr.Tools.Sbp.Tests.csproj" />
  <Project Path="MgsvModBldr.Tools.Stp.Tests/MgsvModBldr.Tools.Stp.Tests.csproj" />
  <Project Path="MgsvModBldr.Tools.G0s.Tests/MgsvModBldr.Tools.G0s.Tests.csproj" />
  <Project Path="MgsvModBldr.Tools.Ui.Tests/MgsvModBldr.Tools.Ui.Tests.csproj" />
</Solution>
