<Solution>
  <!-- Fox Engine parser toolset (own repo). The tools depend on
       MgsvModBldr.Core for shared hashing primitives + the IFpkArchiver
       bridge; Core lives in the sibling mod-builder repo and is included
       here (kept wired) so the solution resolves standalone. -->
  <Project Path="MgsvModBldr.Tools.GameHashing/MgsvModBldr.Tools.GameHashing.csproj" />
  <Project Path="MgsvModBldr.Tools.Fsop/MgsvModBldr.Tools.Fsop.csproj" />
  <Project Path="MgsvModBldr.Tools.Ftex/MgsvModBldr.Tools.Ftex.csproj" />
  <Project Path="MgsvModBldr.Tools.Fox/MgsvModBldr.Tools.Fox.csproj" />
  <Project Path="MgsvModBldr.Tools.Qar/MgsvModBldr.Tools.Qar.csproj" />
  <Project Path="MgsvModBldr.Tools.Fpk/MgsvModBldr.Tools.Fpk.csproj" />
  <Project Path="MgsvModBldr.Tools.Pftxs/MgsvModBldr.Tools.Pftxs.csproj" />
  <Project Path="MgsvModBldr.Tools.Cli/MgsvModBldr.Tools.Cli.csproj" />
  <Project Path="MgsvModBldr.Tools.App/MgsvModBldr.Tools.App.csproj" />
  <Project Path="../mgsv_modbldr/csgui/MgsvModBldr.Core/MgsvModBldr.Core.csproj" />
</Solution>
